
Microsoft Visual Studio Solution File, Format Version 12.00
# Visual Studio 15
VisualStudioVersion = 15.0.28307.329
MinimumVisualStudioVersion = 10.0.40219.1
Project("{FAE04EC0-301F-11D3-BF4B-00C04F79EFBC}") = "CarStore", "CarStore\CarStore.csproj", "{94A2DD12-0617-47A2-BE76-7488A21807C5}"
EndProject
Global
	GlobalSection(SolutionConfigurationPlatforms) = preSolution
		Debug|Any CPU = Debug|Any CPU
		Release|Any CPU = Release|Any CPU
	EndGlobalSection
	GlobalSection(ProjectConfigurationPlatforms) = postSolution
		{94A2DD12-0617-47A2-BE76-7488A21807C5}.Debug|Any CPU.ActiveCfg = Debug|Any CPU
		{94A2DD12-0617-47A2-BE76-7488A21807C5}.Debug|Any CPU.Build.0 = Debug|Any CPU
		{94A2DD12-0617-47A2-BE76-7488A21807C5}.Release|Any CPU.ActiveCfg = Release|Any CPU
		{94A2DD12-0617-47A2-BE76-7488A21807C5}.Release|Any CPU.Build.0 = Release|Any CPU
	EndGlobalSection
	GlobalSection(SolutionProperties) = preSolution
		HideSolutionNode = FALSE
	EndGlobalSection
	GlobalSection(ExtensibilityGlobals) = postSolution
		SolutionGuid = {42F2DFAD-BE42-4B43-9EDE-5F879B7DE6A2}
	EndGlobalSection
EndGlobal
